
Microsoft Visual Studio Solution File, Format Version 12.00
# Visual Studio 14
VisualStudioVersion = 14.0.25420.1
MinimumVisualStudioVersion = 10.0.40219.1
Project("{FAE04EC0-301F-11D3-BF4B-00C04F79EFBC}") = "AbstractGymMVC5", "AbstractGymMVC5\AbstractGymMVC5.csproj", "{62B8ACF2-A455-42C9-9B0A-7AE4E7122FEB}"
EndProject
Global
	GlobalSection(SolutionConfigurationPlatforms) = preSolution
		Debug|Any CPU = Debug|Any CPU
		Release|Any CPU = Release|Any CPU
	EndGlobalSection
	GlobalSection(ProjectConfigurationPlatforms) = postSolution
		{62B8ACF2-A455-42C9-9B0A-7AE4E7122FEB}.Debug|Any CPU.ActiveCfg = Debug|Any CPU
		{62B8ACF2-A455-42C9-9B0A-7AE4E7122FEB}.Debug|Any CPU.Build.0 = Debug|Any CPU
		{62B8ACF2-A455-42C9-9B0A-7AE4E7122FEB}.Release|Any CPU.ActiveCfg = Release|Any CPU
		{62B8ACF2-A455-42C9-9B0A-7AE4E7122FEB}.Release|Any CPU.Build.0 = Release|Any CPU
	EndGlobalSection
	GlobalSection(SolutionProperties) = preSolution
		HideSolutionNode = FALSE
	EndGlobalSection
EndGlobal
